
Microsoft Visual Studio Solution File, Format Version 12.00
# Visual Studio Version 17
VisualStudioVersion = 17.10.35013.160
MinimumVisualStudioVersion = 10.0.40219.1
Project("{9A19103F-16F7-4668-BE54-9A1E7A4F7556}") = "Employee.APILayer", "Employee.APILayer\Employee.APILayer.csproj", "{F3578055-90EE-4B84-962B-08AD2FE8BA2F}"
EndProject
Project("{9A19103F-16F7-4668-BE54-9A1E7A4F7556}") = "Employee.DBLayer", "Employee.DBLayer\Employee.DBLayer.csproj", "{80B3DC0D-E01C-4819-9774-FC42B49D6292}"
EndProject
Project("{9A19103F-16F7-4668-BE54-9A1E7A4F7556}") = "Employee.ServiceLayer", "Employee.ServiceLayer\Employee.ServiceLayer.csproj", "{E3C28595-D7F1-4FFB-ABBE-B8121E928067}"
EndProject
Project("{FAE04EC0-301F-11D3-BF4B-00C04F79EFBC}") = "Employee.TestFreamworkLayer", "Employee.TestFreamworkLayer\Employee.TestFreamworkLayer.csproj", "{688C768A-3AC7-4B80-A4B5-91694337105C}"
EndProject
Global
	GlobalSection(SolutionConfigurationPlatforms) = preSolution
		Debug|Any CPU = Debug|Any CPU
		Release|Any CPU = Release|Any CPU
	EndGlobalSection
	GlobalSection(ProjectConfigurationPlatforms) = postSolution
		{F3578055-90EE-4B84-962B-08AD2FE8BA2F}.Debug|Any CPU.ActiveCfg = Debug|Any CPU
		{F3578055-90EE-4B84-962B-08AD2FE8BA2F}.Debug|Any CPU.Build.0 = Debug|Any CPU
		{F3578055-90EE-4B84-962B-08AD2FE8BA2F}.Release|Any CPU.ActiveCfg = Release|Any CPU
		{F3578055-90EE-4B84-962B-08AD2FE8BA2F}.Release|Any CPU.Build.0 = Release|Any CPU
		{80B3DC0D-E01C-4819-9774-FC42B49D6292}.Debug|Any CPU.ActiveCfg = Debug|Any CPU
		{80B3DC0D-E01C-4819-9774-FC42B49D6292}.Debug|Any CPU.Build.0 = Debug|Any CPU
		{80B3DC0D-E01C-4819-9774-FC42B49D6292}.Release|Any CPU.ActiveCfg = Release|Any CPU
		{80B3DC0D-E01C-4819-9774-FC42B49D6292}.Release|Any CPU.Build.0 = Release|Any CPU
		{E3C28595-D7F1-4FFB-ABBE-B8121E928067}.Debug|Any CPU.ActiveCfg = Debug|Any CPU
		{E3C28595-D7F1-4FFB-ABBE-B8121E928067}.Debug|Any CPU.Build.0 = Debug|Any CPU
		{E3C28595-D7F1-4FFB-ABBE-B8121E928067}.Release|Any CPU.ActiveCfg = Release|Any CPU
		{E3C28595-D7F1-4FFB-ABBE-B8121E928067}.Release|Any CPU.Build.0 = Release|Any CPU
		{688C768A-3AC7-4B80-A4B5-91694337105C}.Debug|Any CPU.ActiveCfg = Debug|Any CPU
		{688C768A-3AC7-4B80-A4B5-91694337105C}.Debug|Any CPU.Build.0 = Debug|Any CPU
		{688C768A-3AC7-4B80-A4B5-91694337105C}.Release|Any CPU.ActiveCfg = Release|Any CPU
		{688C768A-3AC7-4B80-A4B5-91694337105C}.Release|Any CPU.Build.0 = Release|Any CPU
	EndGlobalSection
	GlobalSection(SolutionProperties) = preSolution
		HideSolutionNode = FALSE
	EndGlobalSection
	GlobalSection(ExtensibilityGlobals) = postSolution
		SolutionGuid = {8AC869D7-7C65-472B-BBB4-04804A46CF1E}
	EndGlobalSection
EndGlobal
